github.com/unixlinuxgeek/The_Go_Programming_Language_Exercises/ch6/6.4 v0.0.0-20231128060333-8a0f83d32acc h1:I00T2ds19J4ehjUhJDXAk9Ux6D61jAVkIQwgOS6TC1s=
github.com/unixlinuxgeek/The_Go_Programming_Language_Exercises/ch6/6.4 v0.0.0-20231128060333-8a0f83d32acc/go.mod h1:GAE2w22mmQlNFshmCtRRBBhhFdl9H/EUVQTfXh5PNH4=
